# This file is automatically @generated by Cargo.
# It is not intended for manual editing.
version = 4

[[package]]
name = "aitch"
version = "0.1.0"
dependencies = [
 "aitch-core",
 "aitch-ui",
]

[[package]]
name = "aitch-core"
version = "0.1.0"

[[package]]
name = "aitch-harness"
version = "0.1.0"
dependencies = [
 "aitch-core",
]

[[package]]
name = "aitch-ui"
version = "0.1.0"
dependencies = [
 "aitch-core",
]
